# This file is generated by running "yarn install" inside your project.
# Manual changes might be lost - proceed with caution!

__metadata:
  version: 6
  cacheKey: 8

"@transmissions11/solmate@https://github.com/transmissions11/solmate#f2833c7cc951c50e0b5fd7e505571fddc10c8f77":
  version: 6.6.2
  resolution: "@transmissions11/solmate@https://github.com/transmissions11/solmate.git#commit=f2833c7cc951c50e0b5fd7e505571fddc10c8f77"
  checksum: 5f63cf371d44096959ba3aee5b7e9b74b564b865e5ebc2907583b4bdfc6ac46766ff5ff41e18b384b70d9d39c13fe6440c8c33dcc24a38a6c61f04d7dd52d04b
  languageName: node
  linkType: hard

"ZeframLou-create3-factory@workspace:.":
  version: 0.0.0-use.local
  resolution: "ZeframLou-create3-factory@workspace:."
  dependencies:
    "@transmissions11/solmate": "https://github.com/transmissions11/solmate#f2833c7cc951c50e0b5fd7e505571fddc10c8f77"
  languageName: unknown
  linkType: soft
